
Microsoft Visual Studio Solution File, Format Version 12.00
# Visual Studio Version 16
VisualStudioVersion = 16.0.29728.190
MinimumVisualStudioVersion = 10.0.40219.1
Project("{00D1A9C2-B5F0-4AF3-8072-F6C62B433612}") = "Poznanici1", "Poznanici1.sqlproj", "{87033DA1-F136-4FE3-A5B6-5EBCC7904FAE}"
EndProject
Project("{FAE04EC0-301F-11D3-BF4B-00C04F79EFBC}") = "TestProject1", "TestProject1\TestProject1.csproj", "{70ED1DC3-9C6A-4DDD-A8F8-69D3EB50DCB6}"
EndProject
Project("{FAE04EC0-301F-11D3-BF4B-00C04F79EFBC}") = "PoznaniciWEBAPP", "..\PoznaniciWEBAPP\PoznaniciWEBAPP.csproj", "{BEA094F5-DB12-43EF-95F9-436703AA7434}"
EndProject
Project("{FAE04EC0-301F-11D3-BF4B-00C04F79EFBC}") = "PoznaniciWEBAPP.Tests", "PoznaniciWEBAPP.Tests\PoznaniciWEBAPP.Tests.csproj", "{A48EF556-FF41-4801-A8A6-D8039B174195}"
EndProject
Global
	GlobalSection(SolutionConfigurationPlatforms) = preSolution
		Debug|Any CPU = Debug|Any CPU
		Release|Any CPU = Release|Any CPU
	EndGlobalSection
	GlobalSection(ProjectConfigurationPlatforms) = postSolution
		{87033DA1-F136-4FE3-A5B6-5EBCC7904FAE}.Debug|Any CPU.ActiveCfg = Debug|Any CPU
		{87033DA1-F136-4FE3-A5B6-5EBCC7904FAE}.Debug|Any CPU.Build.0 = Debug|Any CPU
		{87033DA1-F136-4FE3-A5B6-5EBCC7904FAE}.Debug|Any CPU.Deploy.0 = Debug|Any CPU
		{87033DA1-F136-4FE3-A5B6-5EBCC7904FAE}.Release|Any CPU.ActiveCfg = Release|Any CPU
		{87033DA1-F136-4FE3-A5B6-5EBCC7904FAE}.Release|Any CPU.Build.0 = Release|Any CPU
		{87033DA1-F136-4FE3-A5B6-5EBCC7904FAE}.Release|Any CPU.Deploy.0 = Release|Any CPU
		{70ED1DC3-9C6A-4DDD-A8F8-69D3EB50DCB6}.Debug|Any CPU.ActiveCfg = Debug|Any CPU
		{70ED1DC3-9C6A-4DDD-A8F8-69D3EB50DCB6}.Debug|Any CPU.Build.0 = Debug|Any CPU
		{70ED1DC3-9C6A-4DDD-A8F8-69D3EB50DCB6}.Release|Any CPU.ActiveCfg = Release|Any CPU
		{70ED1DC3-9C6A-4DDD-A8F8-69D3EB50DCB6}.Release|Any CPU.Build.0 = Release|Any CPU
		{BEA094F5-DB12-43EF-95F9-436703AA7434}.Debug|Any CPU.ActiveCfg = Debug|Any CPU
		{BEA094F5-DB12-43EF-95F9-436703AA7434}.Debug|Any CPU.Build.0 = Debug|Any CPU
		{BEA094F5-DB12-43EF-95F9-436703AA7434}.Release|Any CPU.ActiveCfg = Release|Any CPU
		{BEA094F5-DB12-43EF-95F9-436703AA7434}.Release|Any CPU.Build.0 = Release|Any CPU
		{A48EF556-FF41-4801-A8A6-D8039B174195}.Debug|Any CPU.ActiveCfg = Debug|Any CPU
		{A48EF556-FF41-4801-A8A6-D8039B174195}.Debug|Any CPU.Build.0 = Debug|Any CPU
		{A48EF556-FF41-4801-A8A6-D8039B174195}.Release|Any CPU.ActiveCfg = Release|Any CPU
		{A48EF556-FF41-4801-A8A6-D8039B174195}.Release|Any CPU.Build.0 = Release|Any CPU
	EndGlobalSection
	GlobalSection(SolutionProperties) = preSolution
		HideSolutionNode = FALSE
	EndGlobalSection
	GlobalSection(ExtensibilityGlobals) = postSolution
		SolutionGuid = {23D1F25C-BB17-465C-A0AA-1F2CDCCD6859}
	EndGlobalSection
EndGlobal
